
Microsoft Visual Studio Solution File, Format Version 12.00
# Visual Studio 15
Project("{FAE04EC0-301F-11D3-BF4B-00C04F79EFBC}") = "Assembly-CSharp", "Assembly-CSharp.csproj", "{A6B9E911-9ECC-ED88-086A-873FF7D3ABE7}"
EndProject
Project("{FAE04EC0-301F-11D3-BF4B-00C04F79EFBC}") = "Assembly-CSharp-Editor", "Assembly-CSharp-Editor.csproj", "{BAA9A5D8-D6F3-208C-0035-8BBFC175161B}"
EndProject
Global
	GlobalSection(SolutionConfigurationPlatforms) = preSolution
		Debug|Any CPU = Debug|Any CPU
		Release|Any CPU = Release|Any CPU
	EndGlobalSection
	GlobalSection(ProjectConfigurationPlatforms) = postSolution
		{A6B9E911-9ECC-ED88-086A-873FF7D3ABE7}.Debug|Any CPU.ActiveCfg = Debug|Any CPU
		{A6B9E911-9ECC-ED88-086A-873FF7D3ABE7}.Debug|Any CPU.Build.0 = Debug|Any CPU
		{A6B9E911-9ECC-ED88-086A-873FF7D3ABE7}.Release|Any CPU.ActiveCfg = Release|Any CPU
		{A6B9E911-9ECC-ED88-086A-873FF7D3ABE7}.Release|Any CPU.Build.0 = Release|Any CPU
		{BAA9A5D8-D6F3-208C-0035-8BBFC175161B}.Debug|Any CPU.ActiveCfg = Debug|Any CPU
		{BAA9A5D8-D6F3-208C-0035-8BBFC175161B}.Debug|Any CPU.Build.0 = Debug|Any CPU
		{BAA9A5D8-D6F3-208C-0035-8BBFC175161B}.Release|Any CPU.ActiveCfg = Release|Any CPU
		{BAA9A5D8-D6F3-208C-0035-8BBFC175161B}.Release|Any CPU.Build.0 = Release|Any CPU
	EndGlobalSection
	GlobalSection(SolutionProperties) = preSolution
		HideSolutionNode = FALSE
	EndGlobalSection
EndGlobal
